# This file is autogenerated, do not edit; changes may be undone by the next 'dep ensure'.


[[projects]]
  branch = "master"
  name = "github.com/dedelala/round"
  packages = ["."]
  revision = "49e79c6ad06cc4196f20bc16c344c88f53328615"

[[projects]]
  branch = "master"
  name = "github.com/dedelala/sysexits"
  packages = ["."]
  revision = "3d3abae01efcd45cbd1193d8ded00feebad09cdc"

[[projects]]
  branch = "master"
  name = "golang.org/x/crypto"
  packages = ["ssh/terminal"]
  revision = "94eea52f7b742c7cbe0b03b22f0c4c8631ece122"

[[projects]]
  branch = "master"
  name = "golang.org/x/sys"
  packages = ["unix","windows"]
  revision = "8b4580aae2a0dd0c231a45d3ccb8434ff533b840"

[solve-meta]
  analyzer-name = "dep"
  analyzer-version = 1
  inputs-digest = "e38e426d197418bdd56e61e0e892a09c2d3d6ebeba2167a17a09806ccfc365d6"
  solver-name = "gps-cdcl"
  solver-version = 1
