# This file is autogenerated, do not edit; changes may be undone by the next 'dep ensure'.


[[projects]]
  branch = "master"
  name = "github.com/dedelala/round"
  packages = ["."]
  revision = "a42a16294ce582300c5e5f5ba8db53c66b29e5b7"

[[projects]]
  branch = "master"
  name = "github.com/dedelala/sysexits"
  packages = ["."]
  revision = "3d3abae01efcd45cbd1193d8ded00feebad09cdc"

[[projects]]
  branch = "master"
  name = "golang.org/x/crypto"
  packages = ["ssh/terminal"]
  revision = "76eec36fa14229c4b25bb894c2d0e591527af429"

[[projects]]
  branch = "master"
  name = "golang.org/x/sys"
  packages = ["unix","windows"]
  revision = "314a259e304ff91bd6985da2a7149bbf91237993"

[solve-meta]
  analyzer-name = "dep"
  analyzer-version = 1
  inputs-digest = "e38e426d197418bdd56e61e0e892a09c2d3d6ebeba2167a17a09806ccfc365d6"
  solver-name = "gps-cdcl"
  solver-version = 1
